// !$*UTF8*$!
{
	archiveVersion = 1;
	classes = {
	};
	objectVersion = 55;
	objects = {

/* Begin PBXBuildFile section */
		4934238C289BC86D001EB7C7 /* StackArrayImplementation.swift in Sources */ = {isa = PBXBuildFile; fileRef = 4934238B289BC86D001EB7C7 /* StackArrayImplementation.swift */; };
		4934238E289BCBF8001EB7C7 /* StackArrayNode.swift in Sources */ = {isa = PBXBuildFile; fileRef = 4934238D289BCBF8001EB7C7 /* StackArrayNode.swift */; };
		4981348D28A116C400C66205 /* QueueLinkedListImplementation.swift in Sources */ = {isa = PBXBuildFile; fileRef = 4981348C28A116C400C66205 /* QueueLinkedListImplementation.swift */; };
		49A9F353280D3741009BB867 /* StackContext.swift in Sources */ = {isa = PBXBuildFile; fileRef = 49A9F352280D3741009BB867 /* StackContext.swift */; };
		49BC34FE2828BB8F00E2D4E3 /* AppDelegate.swift in Sources */ = {isa = PBXBuildFile; fileRef = 49BC34FD2828BB8F00E2D4E3 /* AppDelegate.swift */; };
		49D3CDEB28A2654500B5BA87 /* AnimatablePath.swift in Sources */ = {isa = PBXBuildFile; fileRef = 49D3CDEA28A2654500B5BA87 /* AnimatablePath.swift */; };
		49D3CDED28A265BB00B5BA87 /* PathPositionAnimatableModifier.swift in Sources */ = {isa = PBXBuildFile; fileRef = 49D3CDEC28A265BB00B5BA87 /* PathPositionAnimatableModifier.swift */; };
		49EA066F2807D27C004C3650 /* Data_Structure_VisualizationsApp.swift in Sources */ = {isa = PBXBuildFile; fileRef = 49EA066E2807D27C004C3650 /* Data_Structure_VisualizationsApp.swift */; };
		49EA06712807D27C004C3650 /* ContentView.swift in Sources */ = {isa = PBXBuildFile; fileRef = 49EA06702807D27C004C3650 /* ContentView.swift */; };
		49EA06732807D27D004C3650 /* Assets.xcassets in Resources */ = {isa = PBXBuildFile; fileRef = 49EA06722807D27D004C3650 /* Assets.xcassets */; };
		49EA06762807D27D004C3650 /* Preview Assets.xcassets in Resources */ = {isa = PBXBuildFile; fileRef = 49EA06752807D27D004C3650 /* Preview Assets.xcassets */; };
		49EA06812807D27D004C3650 /* Data_Structure_VisualizationsTests.swift in Sources */ = {isa = PBXBuildFile; fileRef = 49EA06802807D27D004C3650 /* Data_Structure_VisualizationsTests.swift */; };
		49EA068B2807D27D004C3650 /* Data_Structure_VisualizationsUITests.swift in Sources */ = {isa = PBXBuildFile; fileRef = 49EA068A2807D27D004C3650 /* Data_Structure_VisualizationsUITests.swift */; };
		49EA068D2807D27D004C3650 /* Data_Structure_VisualizationsUITestsLaunchTests.swift in Sources */ = {isa = PBXBuildFile; fileRef = 49EA068C2807D27D004C3650 /* Data_Structure_VisualizationsUITestsLaunchTests.swift */; };
		49EA069D2807F36E004C3650 /* ListNode.swift in Sources */ = {isa = PBXBuildFile; fileRef = 49EA069C2807F36E004C3650 /* ListNode.swift */; };
		49EA069F280805B7004C3650 /* LinkArrow.swift in Sources */ = {isa = PBXBuildFile; fileRef = 49EA069E280805B7004C3650 /* LinkArrow.swift */; };
		49EA06A128080F7F004C3650 /* StackLinkedListImplementation.swift in Sources */ = {isa = PBXBuildFile; fileRef = 49EA06A028080F7F004C3650 /* StackLinkedListImplementation.swift */; };
		49EA06A3280828BA004C3650 /* Constants.swift in Sources */ = {isa = PBXBuildFile; fileRef = 49EA06A2280828BA004C3650 /* Constants.swift */; };
		49EA06A528082972004C3650 /* ValueNode.swift in Sources */ = {isa = PBXBuildFile; fileRef = 49EA06A428082972004C3650 /* ValueNode.swift */; };
		49EA06A928091D01004C3650 /* CoordinateSpaceName.swift in Sources */ = {isa = PBXBuildFile; fileRef = 49EA06A828091D01004C3650 /* CoordinateSpaceName.swift */; };
		49F4000A289D24BF00663FE5 /* PathAnimationHelper.swift in Sources */ = {isa = PBXBuildFile; fileRef = 49F40009289D24BF00663FE5 /* PathAnimationHelper.swift */; };
		6C367822B3D09EEC84B293CF /* .gitignore in Resources */ = {isa = PBXBuildFile; fileRef = 6C36766150B73DE03D953EAC /* .gitignore */; };
		6C367A1B3F181A44A2456A8C /* PointerView.swift in Sources */ = {isa = PBXBuildFile; fileRef = 6C367C66F75CB0C26F8A040A /* PointerView.swift */; };
		6C367C40EAE0040D9575D487 /* PositionCalculator.swift in Sources */ = {isa = PBXBuildFile; fileRef = 6C3673122531FF4170F2A487 /* PositionCalculator.swift */; };
		6C367E3E1552BA4FBE510D21 /* Extension.swift in Sources */ = {isa = PBXBuildFile; fileRef = 6C367140A3CF085B06ADF076 /* Extension.swift */; };
/* End PBXBuildFile section */

/* Begin PBXContainerItemProxy section */
		49EA067D2807D27D004C3650 /* PBXContainerItemProxy */ = {
			isa = PBXContainerItemProxy;
			containerPortal = 49EA06632807D27C004C3650 /* Project object */;
			proxyType = 1;
			remoteGlobalIDString = 49EA066A2807D27C004C3650;
			remoteInfo = "Data Structure Visualizations";
		};
		49EA06872807D27D004C3650 /* PBXContainerItemProxy */ = {
			isa = PBXContainerItemProxy;
			containerPortal = 49EA06632807D27C004C3650 /* Project object */;
			proxyType = 1;
			remoteGlobalIDString = 49EA066A2807D27C004C3650;
			remoteInfo = "Data Structure Visualizations";
		};
/* End PBXContainerItemProxy section */

/* Begin PBXFileReference section */
		4934238B289BC86D001EB7C7 /* StackArrayImplementation.swift */ = {isa = PBXFileReference; lastKnownFileType = sourcecode.swift; path = StackArrayImplementation.swift; sourceTree = "<group>"; };
		4934238D289BCBF8001EB7C7 /* StackArrayNode.swift */ = {isa = PBXFileReference; lastKnownFileType = sourcecode.swift; path = StackArrayNode.swift; sourceTree = "<group>"; };
		4981348C28A116C400C66205 /* QueueLinkedListImplementation.swift */ = {isa = PBXFileReference; lastKnownFileType = sourcecode.swift; path = QueueLinkedListImplementation.swift; sourceTree = "<group>"; };
		49A9F352280D3741009BB867 /* StackContext.swift */ = {isa = PBXFileReference; lastKnownFileType = sourcecode.swift; path = StackContext.swift; sourceTree = "<group>"; };
		49BC34FD2828BB8F00E2D4E3 /* AppDelegate.swift */ = {isa = PBXFileReference; lastKnownFileType = sourcecode.swift; path = AppDelegate.swift; sourceTree = "<group>"; };
		49D3CDE928A25B9300B5BA87 /* README.md */ = {isa = PBXFileReference; lastKnownFileType = net.daringfireball.markdown; path = README.md; sourceTree = "<group>"; };
		49D3CDEA28A2654500B5BA87 /* AnimatablePath.swift */ = {isa = PBXFileReference; lastKnownFileType = sourcecode.swift; path = AnimatablePath.swift; sourceTree = "<group>"; };
		49D3CDEC28A265BB00B5BA87 /* PathPositionAnimatableModifier.swift */ = {isa = PBXFileReference; lastKnownFileType = sourcecode.swift; path = PathPositionAnimatableModifier.swift; sourceTree = "<group>"; };
		49EA066B2807D27C004C3650 /* Data Structure Visualizations.app */ = {isa = PBXFileReference; explicitFileType = wrapper.application; includeInIndex = 0; path = "Data Structure Visualizations.app"; sourceTree = BUILT_PRODUCTS_DIR; };
		49EA066E2807D27C004C3650 /* Data_Structure_VisualizationsApp.swift */ = {isa = PBXFileReference; lastKnownFileType = sourcecode.swift; path = Data_Structure_VisualizationsApp.swift; sourceTree = "<group>"; };
		49EA06702807D27C004C3650 /* ContentView.swift */ = {isa = PBXFileReference; lastKnownFileType = sourcecode.swift; path = ContentView.swift; sourceTree = "<group>"; };
		49EA06722807D27D004C3650 /* Assets.xcassets */ = {isa = PBXFileReference; lastKnownFileType = folder.assetcatalog; path = Assets.xcassets; sourceTree = "<group>"; };
		49EA06752807D27D004C3650 /* Preview Assets.xcassets */ = {isa = PBXFileReference; lastKnownFileType = folder.assetcatalog; path = "Preview Assets.xcassets"; sourceTree = "<group>"; };
		49EA06772807D27D004C3650 /* Data_Structure_Visualizations.entitlements */ = {isa = PBXFileReference; lastKnownFileType = text.plist.entitlements; path = Data_Structure_Visualizations.entitlements; sourceTree = "<group>"; };
		49EA067C2807D27D004C3650 /* Data Structure VisualizationsTests.xctest */ = {isa = PBXFileReference; explicitFileType = wrapper.cfbundle; includeInIndex = 0; path = "Data Structure VisualizationsTests.xctest"; sourceTree = BUILT_PRODUCTS_DIR; };
		49EA06802807D27D004C3650 /* Data_Structure_VisualizationsTests.swift */ = {isa = PBXFileReference; lastKnownFileType = sourcecode.swift; path = Data_Structure_VisualizationsTests.swift; sourceTree = "<group>"; };
		49EA06862807D27D004C3650 /* Data Structure VisualizationsUITests.xctest */ = {isa = PBXFileReference; explicitFileType = wrapper.cfbundle; includeInIndex = 0; path = "Data Structure VisualizationsUITests.xctest"; sourceTree = BUILT_PRODUCTS_DIR; };
		49EA068A2807D27D004C3650 /* Data_Structure_VisualizationsUITests.swift */ = {isa = PBXFileReference; lastKnownFileType = sourcecode.swift; path = Data_Structure_VisualizationsUITests.swift; sourceTree = "<group>"; };
		49EA068C2807D27D004C3650 /* Data_Structure_VisualizationsUITestsLaunchTests.swift */ = {isa = PBXFileReference; lastKnownFileType = sourcecode.swift; path = Data_Structure_VisualizationsUITestsLaunchTests.swift; sourceTree = "<group>"; };
		49EA069C2807F36E004C3650 /* ListNode.swift */ = {isa = PBXFileReference; lastKnownFileType = sourcecode.swift; path = ListNode.swift; sourceTree = "<group>"; };
		49EA069E280805B7004C3650 /* LinkArrow.swift */ = {isa = PBXFileReference; lastKnownFileType = sourcecode.swift; path = LinkArrow.swift; sourceTree = "<group>"; };
		49EA06A028080F7F004C3650 /* StackLinkedListImplementation.swift */ = {isa = PBXFileReference; lastKnownFileType = sourcecode.swift; path = StackLinkedListImplementation.swift; sourceTree = "<group>"; };
		49EA06A2280828BA004C3650 /* Constants.swift */ = {isa = PBXFileReference; lastKnownFileType = sourcecode.swift; path = Constants.swift; sourceTree = "<group>"; };
		49EA06A428082972004C3650 /* ValueNode.swift */ = {isa = PBXFileReference; lastKnownFileType = sourcecode.swift; path = ValueNode.swift; sourceTree = "<group>"; };
		49EA06A828091D01004C3650 /* CoordinateSpaceName.swift */ = {isa = PBXFileReference; lastKnownFileType = sourcecode.swift; path = CoordinateSpaceName.swift; sourceTree = "<group>"; };
		49F40009289D24BF00663FE5 /* PathAnimationHelper.swift */ = {isa = PBXFileReference; lastKnownFileType = sourcecode.swift; path = PathAnimationHelper.swift; sourceTree = "<group>"; };
		6C367140A3CF085B06ADF076 /* Extension.swift */ = {isa = PBXFileReference; fileEncoding = 4; lastKnownFileType = sourcecode.swift; path = Extension.swift; sourceTree = "<group>"; };
		6C3673122531FF4170F2A487 /* PositionCalculator.swift */ = {isa = PBXFileReference; fileEncoding = 4; lastKnownFileType = sourcecode.swift; path = PositionCalculator.swift; sourceTree = "<group>"; };
		6C36766150B73DE03D953EAC /* .gitignore */ = {isa = PBXFileReference; lastKnownFileType = file.gitignore; path = .gitignore; sourceTree = "<group>"; };
		6C367C66F75CB0C26F8A040A /* PointerView.swift */ = {isa = PBXFileReference; fileEncoding = 4; lastKnownFileType = sourcecode.swift; path = PointerView.swift; sourceTree = "<group>"; };
/* End PBXFileReference section */

/* Begin PBXFrameworksBuildPhase section */
		49EA06682807D27C004C3650 /* Frameworks */ = {
			isa = PBXFrameworksBuildPhase;
			buildActionMask = 2147483647;
			files = (
			);
			runOnlyForDeploymentPostprocessing = 0;
		};
		49EA06792807D27D004C3650 /* Frameworks */ = {
			isa = PBXFrameworksBuildPhase;
			buildActionMask = 2147483647;
			files = (
			);
			runOnlyForDeploymentPostprocessing = 0;
		};
		49EA06832807D27D004C3650 /* Frameworks */ = {
			isa = PBXFrameworksBuildPhase;
			buildActionMask = 2147483647;
			files = (
			);
			runOnlyForDeploymentPostprocessing = 0;
		};
/* End PBXFrameworksBuildPhase section */

/* Begin PBXGroup section */
		4934238A289BC7A8001EB7C7 /* Stack(ArrayImplementation) */ = {
			isa = PBXGroup;
			children = (
				4934238B289BC86D001EB7C7 /* StackArrayImplementation.swift */,
				4934238D289BCBF8001EB7C7 /* StackArrayNode.swift */,
			);
			path = "Stack(ArrayImplementation)";
			sourceTree = "<group>";
		};
		4981348B28A116AA00C66205 /* Queue(LinkedListImplementation) */ = {
			isa = PBXGroup;
			children = (
				4981348C28A116C400C66205 /* QueueLinkedListImplementation.swift */,
			);
			path = "Queue(LinkedListImplementation)";
			sourceTree = "<group>";
		};
		49EA06622807D27C004C3650 = {
			isa = PBXGroup;
			children = (
				49D3CDE928A25B9300B5BA87 /* README.md */,
				49EA066D2807D27C004C3650 /* Data Structure Visualizations */,
				49EA067F2807D27D004C3650 /* Data Structure VisualizationsTests */,
				49EA06892807D27D004C3650 /* Data Structure VisualizationsUITests */,
				49EA066C2807D27C004C3650 /* Products */,
				6C36766150B73DE03D953EAC /* .gitignore */,
			);
			sourceTree = "<group>";
		};
		49EA066C2807D27C004C3650 /* Products */ = {
			isa = PBXGroup;
			children = (
				49EA066B2807D27C004C3650 /* Data Structure Visualizations.app */,
				49EA067C2807D27D004C3650 /* Data Structure VisualizationsTests.xctest */,
				49EA06862807D27D004C3650 /* Data Structure VisualizationsUITests.xctest */,
			);
			name = Products;
			sourceTree = "<group>";
		};
		49EA066D2807D27C004C3650 /* Data Structure Visualizations */ = {
			isa = PBXGroup;
			children = (
				49EA06A628091131004C3650 /* Util */,
				49EA06992807F1F1004C3650 /* View */,
				49EA066E2807D27C004C3650 /* Data_Structure_VisualizationsApp.swift */,
				49EA06702807D27C004C3650 /* ContentView.swift */,
				49EA06722807D27D004C3650 /* Assets.xcassets */,
				49EA06772807D27D004C3650 /* Data_Structure_Visualizations.entitlements */,
				49EA06742807D27D004C3650 /* Preview Content */,
				49BC34FD2828BB8F00E2D4E3 /* AppDelegate.swift */,
			);
			path = "Data Structure Visualizations";
			sourceTree = "<group>";
		};
		49EA06742807D27D004C3650 /* Preview Content */ = {
			isa = PBXGroup;
			children = (
				49EA06752807D27D004C3650 /* Preview Assets.xcassets */,
			);
			path = "Preview Content";
			sourceTree = "<group>";
		};
		49EA067F2807D27D004C3650 /* Data Structure VisualizationsTests */ = {
			isa = PBXGroup;
			children = (
				49EA06802807D27D004C3650 /* Data_Structure_VisualizationsTests.swift */,
			);
			path = "Data Structure VisualizationsTests";
			sourceTree = "<group>";
		};
		49EA06892807D27D004C3650 /* Data Structure VisualizationsUITests */ = {
			isa = PBXGroup;
			children = (
				49EA068A2807D27D004C3650 /* Data_Structure_VisualizationsUITests.swift */,
				49EA068C2807D27D004C3650 /* Data_Structure_VisualizationsUITestsLaunchTests.swift */,
			);
			path = "Data Structure VisualizationsUITests";
			sourceTree = "<group>";
		};
		49EA06992807F1F1004C3650 /* View */ = {
			isa = PBXGroup;
			children = (
				4981348B28A116AA00C66205 /* Queue(LinkedListImplementation) */,
				4934238A289BC7A8001EB7C7 /* Stack(ArrayImplementation) */,
				49EA069A2807F20A004C3650 /* Stack(LinkedListImplementation) */,
				49D3CDEA28A2654500B5BA87 /* AnimatablePath.swift */,
				49D3CDEC28A265BB00B5BA87 /* PathPositionAnimatableModifier.swift */,
			);
			path = View;
			sourceTree = "<group>";
		};
		49EA069A2807F20A004C3650 /* Stack(LinkedListImplementation) */ = {
			isa = PBXGroup;
			children = (
				49EA069C2807F36E004C3650 /* ListNode.swift */,
				49EA069E280805B7004C3650 /* LinkArrow.swift */,
				49EA06A028080F7F004C3650 /* StackLinkedListImplementation.swift */,
				49EA06A2280828BA004C3650 /* Constants.swift */,
				49EA06A428082972004C3650 /* ValueNode.swift */,
				49A9F352280D3741009BB867 /* StackContext.swift */,
				6C367C66F75CB0C26F8A040A /* PointerView.swift */,
				6C3673122531FF4170F2A487 /* PositionCalculator.swift */,
			);
			path = "Stack(LinkedListImplementation)";
			sourceTree = "<group>";
		};
		49EA06A628091131004C3650 /* Util */ = {
			isa = PBXGroup;
			children = (
				49EA06A828091D01004C3650 /* CoordinateSpaceName.swift */,
				6C367140A3CF085B06ADF076 /* Extension.swift */,
				49F40009289D24BF00663FE5 /* PathAnimationHelper.swift */,
			);
			path = Util;
			sourceTree = "<group>";
		};
/* End PBXGroup section */

/* Begin PBXNativeTarget section */
		49EA066A2807D27C004C3650 /* Data Structure Visualizations */ = {
			isa = PBXNativeTarget;
			buildConfigurationList = 49EA06902807D27D004C3650 /* Build configuration list for PBXNativeTarget "Data Structure Visualizations" */;
			buildPhases = (
				49EA06672807D27C004C3650 /* Sources */,
				49EA06682807D27C004C3650 /* Frameworks */,
				49EA06692807D27C004C3650 /* Resources */,
			);
			buildRules = (
			);
			dependencies = (
			);
			name = "Data Structure Visualizations";
			productName = "Data Structure Visualizations";
			productReference = 49EA066B2807D27C004C3650 /* Data Structure Visualizations.app */;
			productType = "com.apple.product-type.application";
		};
		49EA067B2807D27D004C3650 /* Data Structure VisualizationsTests */ = {
			isa = PBXNativeTarget;
			buildConfigurationList = 49EA06932807D27D004C3650 /* Build configuration list for PBXNativeTarget "Data Structure VisualizationsTests" */;
			buildPhases = (
				49EA06782807D27D004C3650 /* Sources */,
				49EA06792807D27D004C3650 /* Frameworks */,
				49EA067A2807D27D004C3650 /* Resources */,
			);
			buildRules = (
			);
			dependencies = (
				49EA067E2807D27D004C3650 /* PBXTargetDependency */,
			);
			name = "Data Structure VisualizationsTests";
			productName = "Data Structure VisualizationsTests";
			productReference = 49EA067C2807D27D004C3650 /* Data Structure VisualizationsTests.xctest */;
			productType = "com.apple.product-type.bundle.unit-test";
		};
		49EA06852807D27D004C3650 /* Data Structure VisualizationsUITests */ = {
			isa = PBXNativeTarget;
			buildConfigurationList = 49EA06962807D27D004C3650 /* Build configuration list for PBXNativeTarget "Data Structure VisualizationsUITests" */;
			buildPhases = (
				49EA06822807D27D004C3650 /* Sources */,
				49EA06832807D27D004C3650 /* Frameworks */,
				49EA06842807D27D004C3650 /* Resources */,
			);
			buildRules = (
			);
			dependencies = (
				49EA06882807D27D004C3650 /* PBXTargetDependency */,
			);
			name = "Data Structure VisualizationsUITests";
			productName = "Data Structure VisualizationsUITests";
			productReference = 49EA06862807D27D004C3650 /* Data Structure VisualizationsUITests.xctest */;
			productType = "com.apple.product-type.bundle.ui-testing";
		};
/* End PBXNativeTarget section */

/* Begin PBXProject section */
		49EA06632807D27C004C3650 /* Project object */ = {
			isa = PBXProject;
			attributes = {
				BuildIndependentTargetsInParallel = 1;
				LastSwiftUpdateCheck = 1330;
				LastUpgradeCheck = 1330;
				TargetAttributes = {
					49EA066A2807D27C004C3650 = {
						CreatedOnToolsVersion = 13.3.1;
					};
					49EA067B2807D27D004C3650 = {
						CreatedOnToolsVersion = 13.3.1;
						TestTargetID = 49EA066A2807D27C004C3650;
					};
					49EA06852807D27D004C3650 = {
						CreatedOnToolsVersion = 13.3.1;
						TestTargetID = 49EA066A2807D27C004C3650;
					};
				};
			};
			buildConfigurationList = 49EA06662807D27C004C3650 /* Build configuration list for PBXProject "Data Structure Visualizations" */;
			compatibilityVersion = "Xcode 13.0";
			developmentRegion = en;
			hasScannedForEncodings = 0;
			knownRegions = (
				en,
				Base,
			);
			mainGroup = 49EA06622807D27C004C3650;
			productRefGroup = 49EA066C2807D27C004C3650 /* Products */;
			projectDirPath = "";
			projectRoot = "";
			targets = (
				49EA066A2807D27C004C3650 /* Data Structure Visualizations */,
				49EA067B2807D27D004C3650 /* Data Structure VisualizationsTests */,
				49EA06852807D27D004C3650 /* Data Structure VisualizationsUITests */,
			);
		};
/* End PBXProject section */

/* Begin PBXResourcesBuildPhase section */
		49EA06692807D27C004C3650 /* Resources */ = {
			isa = PBXResourcesBuildPhase;
			buildActionMask = 2147483647;
			files = (
				49EA06762807D27D004C3650 /* Preview Assets.xcassets in Resources */,
				49EA06732807D27D004C3650 /* Assets.xcassets in Resources */,
				6C367822B3D09EEC84B293CF /* .gitignore in Resources */,
			);
			runOnlyForDeploymentPostprocessing = 0;
		};
		49EA067A2807D27D004C3650 /* Resources */ = {
			isa = PBXResourcesBuildPhase;
			buildActionMask = 2147483647;
			files = (
			);
			runOnlyForDeploymentPostprocessing = 0;
		};
		49EA06842807D27D004C3650 /* Resources */ = {
			isa = PBXResourcesBuildPhase;
			buildActionMask = 2147483647;
			files = (
			);
			runOnlyForDeploymentPostprocessing = 0;
		};
/* End PBXResourcesBuildPhase section */

/* Begin PBXSourcesBuildPhase section */
		49EA06672807D27C004C3650 /* Sources */ = {
			isa = PBXSourcesBuildPhase;
			buildActionMask = 2147483647;
			files = (
				49EA06712807D27C004C3650 /* ContentView.swift in Sources */,
				49A9F353280D3741009BB867 /* StackContext.swift in Sources */,
				49EA066F2807D27C004C3650 /* Data_Structure_VisualizationsApp.swift in Sources */,
				49EA069D2807F36E004C3650 /* ListNode.swift in Sources */,
				4981348D28A116C400C66205 /* QueueLinkedListImplementation.swift in Sources */,
				4934238C289BC86D001EB7C7 /* StackArrayImplementation.swift in Sources */,
				49EA06A128080F7F004C3650 /* StackLinkedListImplementation.swift in Sources */,
				49D3CDEB28A2654500B5BA87 /* AnimatablePath.swift in Sources */,
				4934238E289BCBF8001EB7C7 /* StackArrayNode.swift in Sources */,
				49F4000A289D24BF00663FE5 /* PathAnimationHelper.swift in Sources */,
				49EA06A528082972004C3650 /* ValueNode.swift in Sources */,
				49EA069F280805B7004C3650 /* LinkArrow.swift in Sources */,
				49EA06A928091D01004C3650 /* CoordinateSpaceName.swift in Sources */,
				49D3CDED28A265BB00B5BA87 /* PathPositionAnimatableModifier.swift in Sources */,
				49BC34FE2828BB8F00E2D4E3 /* AppDelegate.swift in Sources */,
				49EA06A3280828BA004C3650 /* Constants.swift in Sources */,
				6C367E3E1552BA4FBE510D21 /* Extension.swift in Sources */,
				6C367A1B3F181A44A2456A8C /* PointerView.swift in Sources */,
				6C367C40EAE0040D9575D487 /* PositionCalculator.swift in Sources */,
			);
			runOnlyForDeploymentPostprocessing = 0;
		};
		49EA06782807D27D004C3650 /* Sources */ = {
			isa = PBXSourcesBuildPhase;
			buildActionMask = 2147483647;
			files = (
				49EA06812807D27D004C3650 /* Data_Structure_VisualizationsTests.swift in Sources */,
			);
			runOnlyForDeploymentPostprocessing = 0;
		};
		49EA06822807D27D004C3650 /* Sources */ = {
			isa = PBXSourcesBuildPhase;
			buildActionMask = 2147483647;
			files = (
				49EA068B2807D27D004C3650 /* Data_Structure_VisualizationsUITests.swift in Sources */,
				49EA068D2807D27D004C3650 /* Data_Structure_VisualizationsUITestsLaunchTests.swift in Sources */,
			);
			runOnlyForDeploymentPostprocessing = 0;
		};
/* End PBXSourcesBuildPhase section */

/* Begin PBXTargetDependency section */
		49EA067E2807D27D004C3650 /* PBXTargetDependency */ = {
			isa = PBXTargetDependency;
			target = 49EA066A2807D27C004C3650 /* Data Structure Visualizations */;
			targetProxy = 49EA067D2807D27D004C3650 /* PBXContainerItemProxy */;
		};
		49EA06882807D27D004C3650 /* PBXTargetDependency */ = {
			isa = PBXTargetDependency;
			target = 49EA066A2807D27C004C3650 /* Data Structure Visualizations */;
			targetProxy = 49EA06872807D27D004C3650 /* PBXContainerItemProxy */;
		};
/* End PBXTargetDependency section */

/* Begin XCBuildConfiguration section */
		49EA068E2807D27D004C3650 /* Debug */ = {
			isa = XCBuildConfiguration;
			buildSettings = {
				ALWAYS_SEARCH_USER_PATHS = NO;
				CLANG_ANALYZER_NONNULL = YES;
				CLANG_ANALYZER_NUMBER_OBJECT_CONVERSION = YES_AGGRESSIVE;
				CLANG_CXX_LANGUAGE_STANDARD = "gnu++17";
				CLANG_ENABLE_MODULES = YES;
				CLANG_ENABLE_OBJC_ARC = YES;
				CLANG_ENABLE_OBJC_WEAK = YES;
				CLANG_WARN_BLOCK_CAPTURE_AUTORELEASING = YES;
				CLANG_WARN_BOOL_CONVERSION = YES;
				CLANG_WARN_COMMA = YES;
				CLANG_WARN_CONSTANT_CONVERSION = YES;
				CLANG_WARN_DEPRECATED_OBJC_IMPLEMENTATIONS = YES;
				CLANG_WARN_DIRECT_OBJC_ISA_USAGE = YES_ERROR;
				CLANG_WARN_DOCUMENTATION_COMMENTS = YES;
				CLANG_WARN_EMPTY_BODY = YES;
				CLANG_WARN_ENUM_CONVERSION = YES;
				CLANG_WARN_INFINITE_RECURSION = YES;
				CLANG_WARN_INT_CONVERSION = YES;
				CLANG_WARN_NON_LITERAL_NULL_CONVERSION = YES;
				CLANG_WARN_OBJC_IMPLICIT_RETAIN_SELF = YES;
				CLANG_WARN_OBJC_LITERAL_CONVERSION = YES;
				CLANG_WARN_OBJC_ROOT_CLASS = YES_ERROR;
				CLANG_WARN_QUOTED_INCLUDE_IN_FRAMEWORK_HEADER = YES;
				CLANG_WARN_RANGE_LOOP_ANALYSIS = YES;
				CLANG_WARN_STRICT_PROTOTYPES = YES;
				CLANG_WARN_SUSPICIOUS_MOVE = YES;
				CLANG_WARN_UNGUARDED_AVAILABILITY = YES_AGGRESSIVE;
				CLANG_WARN_UNREACHABLE_CODE = YES;
				CLANG_WARN__DUPLICATE_METHOD_MATCH = YES;
				COPY_PHASE_STRIP = NO;
				DEBUG_INFORMATION_FORMAT = dwarf;
				ENABLE_STRICT_OBJC_MSGSEND = YES;
				ENABLE_TESTABILITY = YES;
				GCC_C_LANGUAGE_STANDARD = gnu11;
				GCC_DYNAMIC_NO_PIC = NO;
				GCC_NO_COMMON_BLOCKS = YES;
				GCC_OPTIMIZATION_LEVEL = 0;
				GCC_PREPROCESSOR_DEFINITIONS = (
					"DEBUG=1",
					"$(inherited)",
				);
				GCC_WARN_64_TO_32_BIT_CONVERSION = YES;
				GCC_WARN_ABOUT_RETURN_TYPE = YES_ERROR;
				GCC_WARN_UNDECLARED_SELECTOR = YES;
				GCC_WARN_UNINITIALIZED_AUTOS = YES_AGGRESSIVE;
				GCC_WARN_UNUSED_FUNCTION = YES;
				GCC_WARN_UNUSED_VARIABLE = YES;
				MACOSX_DEPLOYMENT_TARGET = 12.3;
				MTL_ENABLE_DEBUG_INFO = INCLUDE_SOURCE;
				MTL_FAST_MATH = YES;
				ONLY_ACTIVE_ARCH = YES;
				SDKROOT = macosx;
				SWIFT_ACTIVE_COMPILATION_CONDITIONS = DEBUG;
				SWIFT_OPTIMIZATION_LEVEL = "-Onone";
			};
			name = Debug;
		};
		49EA068F2807D27D004C3650 /* Release */ = {
			isa = XCBuildConfiguration;
			buildSettings = {
				ALWAYS_SEARCH_USER_PATHS = NO;
				CLANG_ANALYZER_NONNULL = YES;
				CLANG_ANALYZER_NUMBER_OBJECT_CONVERSION = YES_AGGRESSIVE;
				CLANG_CXX_LANGUAGE_STANDARD = "gnu++17";
				CLANG_ENABLE_MODULES = YES;
				CLANG_ENABLE_OBJC_ARC = YES;
				CLANG_ENABLE_OBJC_WEAK = YES;
				CLANG_WARN_BLOCK_CAPTURE_AUTORELEASING = YES;
				CLANG_WARN_BOOL_CONVERSION = YES;
				CLANG_WARN_COMMA = YES;
				CLANG_WARN_CONSTANT_CONVERSION = YES;
				CLANG_WARN_DEPRECATED_OBJC_IMPLEMENTATIONS = YES;
				CLANG_WARN_DIRECT_OBJC_ISA_USAGE = YES_ERROR;
				CLANG_WARN_DOCUMENTATION_COMMENTS = YES;
				CLANG_WARN_EMPTY_BODY = YES;
				CLANG_WARN_ENUM_CONVERSION = YES;
				CLANG_WARN_INFINITE_RECURSION = YES;
				CLANG_WARN_INT_CONVERSION = YES;
				CLANG_WARN_NON_LITERAL_NULL_CONVERSION = YES;
				CLANG_WARN_OBJC_IMPLICIT_RETAIN_SELF = YES;
				CLANG_WARN_OBJC_LITERAL_CONVERSION = YES;
				CLANG_WARN_OBJC_ROOT_CLASS = YES_ERROR;
				CLANG_WARN_QUOTED_INCLUDE_IN_FRAMEWORK_HEADER = YES;
				CLANG_WARN_RANGE_LOOP_ANALYSIS = YES;
				CLANG_WARN_STRICT_PROTOTYPES = YES;
				CLANG_WARN_SUSPICIOUS_MOVE = YES;
				CLANG_WARN_UNGUARDED_AVAILABILITY = YES_AGGRESSIVE;
				CLANG_WARN_UNREACHABLE_CODE = YES;
				CLANG_WARN__DUPLICATE_METHOD_MATCH = YES;
				COPY_PHASE_STRIP = NO;
				DEBUG_INFORMATION_FORMAT = "dwarf-with-dsym";
				ENABLE_NS_ASSERTIONS = NO;
				ENABLE_STRICT_OBJC_MSGSEND = YES;
				GCC_C_LANGUAGE_STANDARD = gnu11;
				GCC_NO_COMMON_BLOCKS = YES;
				GCC_WARN_64_TO_32_BIT_CONVERSION = YES;
				GCC_WARN_ABOUT_RETURN_TYPE = YES_ERROR;
				GCC_WARN_UNDECLARED_SELECTOR = YES;
				GCC_WARN_UNINITIALIZED_AUTOS = YES_AGGRESSIVE;
				GCC_WARN_UNUSED_FUNCTION = YES;
				GCC_WARN_UNUSED_VARIABLE = YES;
				MACOSX_DEPLOYMENT_TARGET = 12.3;
				MTL_ENABLE_DEBUG_INFO = NO;
				MTL_FAST_MATH = YES;
				SDKROOT = macosx;
				SWIFT_COMPILATION_MODE = wholemodule;
				SWIFT_OPTIMIZATION_LEVEL = "-O";
			};
			name = Release;
		};
		49EA06912807D27D004C3650 /* Debug */ = {
			isa = XCBuildConfiguration;
			buildSettings = {
				ASSETCATALOG_COMPILER_APPICON_NAME = AppIcon;
				ASSETCATALOG_COMPILER_GLOBAL_ACCENT_COLOR_NAME = AccentColor;
				CODE_SIGN_ENTITLEMENTS = "Data Structure Visualizations/Data_Structure_Visualizations.entitlements";
				CODE_SIGN_STYLE = Automatic;
				COMBINE_HIDPI_IMAGES = YES;
				CURRENT_PROJECT_VERSION = 1;
				DEVELOPMENT_ASSET_PATHS = "\"Data Structure Visualizations/Preview Content\"";
				DEVELOPMENT_TEAM = MYB5299FCX;
				ENABLE_HARDENED_RUNTIME = YES;
				ENABLE_PREVIEWS = YES;
				GENERATE_INFOPLIST_FILE = YES;
				INFOPLIST_KEY_NSHumanReadableCopyright = "";
				LD_RUNPATH_SEARCH_PATHS = (
					"$(inherited)",
					"@executable_path/../Frameworks",
				);
				MARKETING_VERSION = 1.0;
				PRODUCT_BUNDLE_IDENTIFIER = "com.wttch.Data-Structure-Visualizations";
				PRODUCT_NAME = "$(TARGET_NAME)";
				SWIFT_EMIT_LOC_STRINGS = YES;
				SWIFT_VERSION = 5.0;
			};
			name = Debug;
		};
		49EA06922807D27D004C3650 /* Release */ = {
			isa = XCBuildConfiguration;
			buildSettings = {
				ASSETCATALOG_COMPILER_APPICON_NAME = AppIcon;
				ASSETCATALOG_COMPILER_GLOBAL_ACCENT_COLOR_NAME = AccentColor;
				CODE_SIGN_ENTITLEMENTS = "Data Structure Visualizations/Data_Structure_Visualizations.entitlements";
				CODE_SIGN_STYLE = Automatic;
				COMBINE_HIDPI_IMAGES = YES;
				CURRENT_PROJECT_VERSION = 1;
				DEVELOPMENT_ASSET_PATHS = "\"Data Structure Visualizations/Preview Content\"";
				DEVELOPMENT_TEAM = MYB5299FCX;
				ENABLE_HARDENED_RUNTIME = YES;
				ENABLE_PREVIEWS = YES;
				GENERATE_INFOPLIST_FILE = YES;
				INFOPLIST_KEY_NSHumanReadableCopyright = "";
				LD_RUNPATH_SEARCH_PATHS = (
					"$(inherited)",
					"@executable_path/../Frameworks",
				);
				MARKETING_VERSION = 1.0;
				PRODUCT_BUNDLE_IDENTIFIER = "com.wttch.Data-Structure-Visualizations";
				PRODUCT_NAME = "$(TARGET_NAME)";
				SWIFT_EMIT_LOC_STRINGS = YES;
				SWIFT_VERSION = 5.0;
			};
			name = Release;
		};
		49EA06942807D27D004C3650 /* Debug */ = {
			isa = XCBuildConfiguration;
			buildSettings = {
				ALWAYS_EMBED_SWIFT_STANDARD_LIBRARIES = YES;
				BUNDLE_LOADER = "$(TEST_HOST)";
				CODE_SIGN_STYLE = Automatic;
				CURRENT_PROJECT_VERSION = 1;
				DEVELOPMENT_TEAM = MYB5299FCX;
				GENERATE_INFOPLIST_FILE = YES;
				MACOSX_DEPLOYMENT_TARGET = 12.3;
				MARKETING_VERSION = 1.0;
				PRODUCT_BUNDLE_IDENTIFIER = "com.wttch.Data-Structure-VisualizationsTests";
				PRODUCT_NAME = "$(TARGET_NAME)";
				SWIFT_EMIT_LOC_STRINGS = NO;
				SWIFT_VERSION = 5.0;
				TEST_HOST = "$(BUILT_PRODUCTS_DIR)/Data Structure Visualizations.app/Contents/MacOS/Data Structure Visualizations";
			};
			name = Debug;
		};
		49EA06952807D27D004C3650 /* Release */ = {
			isa = XCBuildConfiguration;
			buildSettings = {
				ALWAYS_EMBED_SWIFT_STANDARD_LIBRARIES = YES;
				BUNDLE_LOADER = "$(TEST_HOST)";
				CODE_SIGN_STYLE = Automatic;
				CURRENT_PROJECT_VERSION = 1;
				DEVELOPMENT_TEAM = MYB5299FCX;
				GENERATE_INFOPLIST_FILE = YES;
				MACOSX_DEPLOYMENT_TARGET = 12.3;
				MARKETING_VERSION = 1.0;
				PRODUCT_BUNDLE_IDENTIFIER = "com.wttch.Data-Structure-VisualizationsTests";
				PRODUCT_NAME = "$(TARGET_NAME)";
				SWIFT_EMIT_LOC_STRINGS = NO;
				SWIFT_VERSION = 5.0;
				TEST_HOST = "$(BUILT_PRODUCTS_DIR)/Data Structure Visualizations.app/Contents/MacOS/Data Structure Visualizations";
			};
			name = Release;
		};
		49EA06972807D27D004C3650 /* Debug */ = {
			isa = XCBuildConfiguration;
			buildSettings = {
				ALWAYS_EMBED_SWIFT_STANDARD_LIBRARIES = YES;
				CODE_SIGN_STYLE = Automatic;
				CURRENT_PROJECT_VERSION = 1;
				DEVELOPMENT_TEAM = MYB5299FCX;
				GENERATE_INFOPLIST_FILE = YES;
				MARKETING_VERSION = 1.0;
				PRODUCT_BUNDLE_IDENTIFIER = "com.wttch.Data-Structure-VisualizationsUITests";
				PRODUCT_NAME = "$(TARGET_NAME)";
				SWIFT_EMIT_LOC_STRINGS = NO;
				SWIFT_VERSION = 5.0;
				TEST_TARGET_NAME = "Data Structure Visualizations";
			};
			name = Debug;
		};
		49EA06982807D27D004C3650 /* Release */ = {
			isa = XCBuildConfiguration;
			buildSettings = {
				ALWAYS_EMBED_SWIFT_STANDARD_LIBRARIES = YES;
				CODE_SIGN_STYLE = Automatic;
				CURRENT_PROJECT_VERSION = 1;
				DEVELOPMENT_TEAM = MYB5299FCX;
				GENERATE_INFOPLIST_FILE = YES;
				MARKETING_VERSION = 1.0;
				PRODUCT_BUNDLE_IDENTIFIER = "com.wttch.Data-Structure-VisualizationsUITests";
				PRODUCT_NAME = "$(TARGET_NAME)";
				SWIFT_EMIT_LOC_STRINGS = NO;
				SWIFT_VERSION = 5.0;
				TEST_TARGET_NAME = "Data Structure Visualizations";
			};
			name = Release;
		};
/* End XCBuildConfiguration section */

/* Begin XCConfigurationList section */
		49EA06662807D27C004C3650 /* Build configuration list for PBXProject "Data Structure Visualizations" */ = {
			isa = XCConfigurationList;
			buildConfigurations = (
				49EA068E2807D27D004C3650 /* Debug */,
				49EA068F2807D27D004C3650 /* Release */,
			);
			defaultConfigurationIsVisible = 0;
			defaultConfigurationName = Release;
		};
		49EA06902807D27D004C3650 /* Build configuration list for PBXNativeTarget "Data Structure Visualizations" */ = {
			isa = XCConfigurationList;
			buildConfigurations = (
				49EA06912807D27D004C3650 /* Debug */,
				49EA06922807D27D004C3650 /* Release */,
			);
			defaultConfigurationIsVisible = 0;
			defaultConfigurationName = Release;
		};
		49EA06932807D27D004C3650 /* Build configuration list for PBXNativeTarget "Data Structure VisualizationsTests" */ = {
			isa = XCConfigurationList;
			buildConfigurations = (
				49EA06942807D27D004C3650 /* Debug */,
				49EA06952807D27D004C3650 /* Release */,
			);
			defaultConfigurationIsVisible = 0;
			defaultConfigurationName = Release;
		};
		49EA06962807D27D004C3650 /* Build configuration list for PBXNativeTarget "Data Structure VisualizationsUITests" */ = {
			isa = XCConfigurationList;
			buildConfigurations = (
				49EA06972807D27D004C3650 /* Debug */,
				49EA06982807D27D004C3650 /* Release */,
			);
			defaultConfigurationIsVisible = 0;
			defaultConfigurationName = Release;
		};
/* End XCConfigurationList section */
	};
	rootObject = 49EA06632807D27C004C3650 /* Project object */;
}
